// !$*UTF8*$!
{
	archiveVersion = 1;
	classes = {
	};
	objectVersion = 56;
	objects = {

/* Begin PBXBuildFile section */
		460F2C5C2AE45BC400D9778A /* Expense.swift in Sources */ = {isa = PBXBuildFile; fileRef = 460F2C5B2AE45BC400D9778A /* Expense.swift */; };
		460F2C5E2AE45BD000D9778A /* Category.swift in Sources */ = {isa = PBXBuildFile; fileRef = 460F2C5D2AE45BD000D9778A /* Category.swift */; };
		460F2C602AE45E2B00D9778A /* CategoryStore.swift in Sources */ = {isa = PBXBuildFile; fileRef = 460F2C5F2AE45E2B00D9778A /* CategoryStore.swift */; };
		460F2C622AE45F6800D9778A /* ExpenseViewModel.swift in Sources */ = {isa = PBXBuildFile; fileRef = 460F2C612AE45F6800D9778A /* ExpenseViewModel.swift */; };
		460F2C642AE4600700D9778A /* ExpenseStore.swift in Sources */ = {isa = PBXBuildFile; fileRef = 460F2C632AE4600700D9778A /* ExpenseStore.swift */; };
		460F2C682AE462EE00D9778A /* CategoryViewModel.swift in Sources */ = {isa = PBXBuildFile; fileRef = 460F2C672AE462EE00D9778A /* CategoryViewModel.swift */; };
		465E904E2AC8F5C700D8FC00 /* SpendWiseApp.swift in Sources */ = {isa = PBXBuildFile; fileRef = 465E904D2AC8F5C700D8FC00 /* SpendWiseApp.swift */; };
		465E90502AC8F5C700D8FC00 /* ContentView.swift in Sources */ = {isa = PBXBuildFile; fileRef = 465E904F2AC8F5C700D8FC00 /* ContentView.swift */; };
		465E90522AC8F5C800D8FC00 /* Assets.xcassets in Resources */ = {isa = PBXBuildFile; fileRef = 465E90512AC8F5C800D8FC00 /* Assets.xcassets */; };
		465E90552AC8F5C800D8FC00 /* Preview Assets.xcassets in Resources */ = {isa = PBXBuildFile; fileRef = 465E90542AC8F5C800D8FC00 /* Preview Assets.xcassets */; };
		46BAD52D2ADE064400AF0169 /* AddExpense.swift in Sources */ = {isa = PBXBuildFile; fileRef = 46BAD52C2ADE064400AF0169 /* AddExpense.swift */; };
		46BAD52F2ADE065500AF0169 /* AddCategory.swift in Sources */ = {isa = PBXBuildFile; fileRef = 46BAD52E2ADE065500AF0169 /* AddCategory.swift */; };
		BFFB01C52AE863AF00C63C1C /* Extension.swift in Sources */ = {isa = PBXBuildFile; fileRef = BFFB01C42AE863AF00C63C1C /* Extension.swift */; };
		BFFB01CA2AE864A900C63C1C /* ExpenseRow.swift in Sources */ = {isa = PBXBuildFile; fileRef = BFFB01C92AE864A800C63C1C /* ExpenseRow.swift */; };
		BFFB01CD2AE8654600C63C1C /* SwiftUIFontIcon in Frameworks */ = {isa = PBXBuildFile; productRef = BFFB01CC2AE8654600C63C1C /* SwiftUIFontIcon */; };
		BFFB01CF2AE867AC00C63C1C /* PreviewData.swift in Sources */ = {isa = PBXBuildFile; fileRef = BFFB01CE2AE867AC00C63C1C /* PreviewData.swift */; };
		BFFB01D22AE874C000C63C1C /* Collections in Frameworks */ = {isa = PBXBuildFile; productRef = BFFB01D12AE874C000C63C1C /* Collections */; };
		BFFB01D42AE874C000C63C1C /* DequeModule in Frameworks */ = {isa = PBXBuildFile; productRef = BFFB01D32AE874C000C63C1C /* DequeModule */; };
		BFFB01D62AE874C000C63C1C /* OrderedCollections in Frameworks */ = {isa = PBXBuildFile; productRef = BFFB01D52AE874C000C63C1C /* OrderedCollections */; };
		BFFB01DA2AE877BA00C63C1C /* SwiftUICharts in Frameworks */ = {isa = PBXBuildFile; productRef = BFFB01D92AE877BA00C63C1C /* SwiftUICharts */; };
		BFFB01DD2AE87AB000C63C1C /* RecentExpenseList.swift in Sources */ = {isa = PBXBuildFile; fileRef = BFFB01DC2AE87AB000C63C1C /* RecentExpenseList.swift */; };
/* End PBXBuildFile section */

/* Begin PBXFileReference section */
		460F2C5B2AE45BC400D9778A /* Expense.swift */ = {isa = PBXFileReference; lastKnownFileType = sourcecode.swift; path = Expense.swift; sourceTree = "<group>"; };
		460F2C5D2AE45BD000D9778A /* Category.swift */ = {isa = PBXFileReference; lastKnownFileType = sourcecode.swift; path = Category.swift; sourceTree = "<group>"; };
		460F2C5F2AE45E2B00D9778A /* CategoryStore.swift */ = {isa = PBXFileReference; lastKnownFileType = sourcecode.swift; path = CategoryStore.swift; sourceTree = "<group>"; };
		460F2C612AE45F6800D9778A /* ExpenseViewModel.swift */ = {isa = PBXFileReference; lastKnownFileType = sourcecode.swift; path = ExpenseViewModel.swift; sourceTree = "<group>"; };
		460F2C632AE4600700D9778A /* ExpenseStore.swift */ = {isa = PBXFileReference; lastKnownFileType = sourcecode.swift; path = ExpenseStore.swift; sourceTree = "<group>"; };
		460F2C672AE462EE00D9778A /* CategoryViewModel.swift */ = {isa = PBXFileReference; lastKnownFileType = sourcecode.swift; path = CategoryViewModel.swift; sourceTree = "<group>"; };
		465E904A2AC8F5C700D8FC00 /* SpendWise.app */ = {isa = PBXFileReference; explicitFileType = wrapper.application; includeInIndex = 0; path = SpendWise.app; sourceTree = BUILT_PRODUCTS_DIR; };
		465E904D2AC8F5C700D8FC00 /* SpendWiseApp.swift */ = {isa = PBXFileReference; lastKnownFileType = sourcecode.swift; path = SpendWiseApp.swift; sourceTree = "<group>"; };
		465E904F2AC8F5C700D8FC00 /* ContentView.swift */ = {isa = PBXFileReference; lastKnownFileType = sourcecode.swift; path = ContentView.swift; sourceTree = "<group>"; };
		465E90512AC8F5C800D8FC00 /* Assets.xcassets */ = {isa = PBXFileReference; lastKnownFileType = folder.assetcatalog; path = Assets.xcassets; sourceTree = "<group>"; };
		465E90542AC8F5C800D8FC00 /* Preview Assets.xcassets */ = {isa = PBXFileReference; lastKnownFileType = folder.assetcatalog; path = "Preview Assets.xcassets"; sourceTree = "<group>"; };
		46BAD52C2ADE064400AF0169 /* AddExpense.swift */ = {isa = PBXFileReference; lastKnownFileType = sourcecode.swift; path = AddExpense.swift; sourceTree = "<group>"; };
		46BAD52E2ADE065500AF0169 /* AddCategory.swift */ = {isa = PBXFileReference; lastKnownFileType = sourcecode.swift; path = AddCategory.swift; sourceTree = "<group>"; };
		BFFB01C42AE863AF00C63C1C /* Extension.swift */ = {isa = PBXFileReference; lastKnownFileType = sourcecode.swift; path = Extension.swift; sourceTree = "<group>"; };
		BFFB01C92AE864A800C63C1C /* ExpenseRow.swift */ = {isa = PBXFileReference; lastKnownFileType = sourcecode.swift; path = ExpenseRow.swift; sourceTree = "<group>"; };
		BFFB01CE2AE867AC00C63C1C /* PreviewData.swift */ = {isa = PBXFileReference; lastKnownFileType = sourcecode.swift; path = PreviewData.swift; sourceTree = "<group>"; };
		BFFB01DC2AE87AB000C63C1C /* RecentExpenseList.swift */ = {isa = PBXFileReference; lastKnownFileType = sourcecode.swift; path = RecentExpenseList.swift; sourceTree = "<group>"; };
/* End PBXFileReference section */

/* Begin PBXFrameworksBuildPhase section */
		465E90472AC8F5C700D8FC00 /* Frameworks */ = {
			isa = PBXFrameworksBuildPhase;
			buildActionMask = 2147483647;
			files = (
				BFFB01D22AE874C000C63C1C /* Collections in Frameworks */,
				BFFB01CD2AE8654600C63C1C /* SwiftUIFontIcon in Frameworks */,
				BFFB01D62AE874C000C63C1C /* OrderedCollections in Frameworks */,
				BFFB01D42AE874C000C63C1C /* DequeModule in Frameworks */,
				BFFB01DA2AE877BA00C63C1C /* SwiftUICharts in Frameworks */,
			);
			runOnlyForDeploymentPostprocessing = 0;
		};
/* End PBXFrameworksBuildPhase section */

/* Begin PBXGroup section */
		460F2C5A2AE45B1100D9778A /* ViewModel */ = {
			isa = PBXGroup;
			children = (
				460F2C612AE45F6800D9778A /* ExpenseViewModel.swift */,
				460F2C672AE462EE00D9778A /* CategoryViewModel.swift */,
			);
			path = ViewModel;
			sourceTree = "<group>";
		};
		460F2C652AE4602400D9778A /* Expense */ = {
			isa = PBXGroup;
			children = (
				460F2C5B2AE45BC400D9778A /* Expense.swift */,
				460F2C632AE4600700D9778A /* ExpenseStore.swift */,
			);
			path = Expense;
			sourceTree = "<group>";
		};
		460F2C662AE4603000D9778A /* Category */ = {
			isa = PBXGroup;
			children = (
				460F2C5D2AE45BD000D9778A /* Category.swift */,
				460F2C5F2AE45E2B00D9778A /* CategoryStore.swift */,
			);
			path = Category;
			sourceTree = "<group>";
		};
		465E90412AC8F5C700D8FC00 = {
			isa = PBXGroup;
			children = (
				465E904C2AC8F5C700D8FC00 /* SpendWise */,
				465E904B2AC8F5C700D8FC00 /* Products */,
			);
			sourceTree = "<group>";
		};
		465E904B2AC8F5C700D8FC00 /* Products */ = {
			isa = PBXGroup;
			children = (
				465E904A2AC8F5C700D8FC00 /* SpendWise.app */,
			);
			name = Products;
			sourceTree = "<group>";
		};
		465E904C2AC8F5C700D8FC00 /* SpendWise */ = {
			isa = PBXGroup;
			children = (
				BFFB01C62AE8645200C63C1C /* utils */,
				46BAD52B2ADE061D00AF0169 /* Views */,
				460F2C5A2AE45B1100D9778A /* ViewModel */,
				46BAD52A2ADE060600AF0169 /* Model */,
				465E904D2AC8F5C700D8FC00 /* SpendWiseApp.swift */,
				465E904F2AC8F5C700D8FC00 /* ContentView.swift */,
				465E90512AC8F5C800D8FC00 /* Assets.xcassets */,
				465E90532AC8F5C800D8FC00 /* Preview Content */,
			);
			path = SpendWise;
			sourceTree = "<group>";
		};
		465E90532AC8F5C800D8FC00 /* Preview Content */ = {
			isa = PBXGroup;
			children = (
				465E90542AC8F5C800D8FC00 /* Preview Assets.xcassets */,
				BFFB01CE2AE867AC00C63C1C /* PreviewData.swift */,
			);
			path = "Preview Content";
			sourceTree = "<group>";
		};
		46BAD52A2ADE060600AF0169 /* Model */ = {
			isa = PBXGroup;
			children = (
				460F2C652AE4602400D9778A /* Expense */,
				460F2C662AE4603000D9778A /* Category */,
			);
			path = Model;
			sourceTree = "<group>";
		};
		46BAD52B2ADE061D00AF0169 /* Views */ = {
			isa = PBXGroup;
			children = (
				46BAD52C2ADE064400AF0169 /* AddExpense.swift */,
				46BAD52E2ADE065500AF0169 /* AddCategory.swift */,
				BFFB01C92AE864A800C63C1C /* ExpenseRow.swift */,
				BFFB01DC2AE87AB000C63C1C /* RecentExpenseList.swift */,
			);
			path = Views;
			sourceTree = "<group>";
		};
		BFFB01C62AE8645200C63C1C /* utils */ = {
			isa = PBXGroup;
			children = (
				BFFB01C42AE863AF00C63C1C /* Extension.swift */,
			);
			path = utils;
			sourceTree = "<group>";
		};
/* End PBXGroup section */

/* Begin PBXNativeTarget section */
		465E90492AC8F5C700D8FC00 /* SpendWise */ = {
			isa = PBXNativeTarget;
			buildConfigurationList = 465E90582AC8F5C800D8FC00 /* Build configuration list for PBXNativeTarget "SpendWise" */;
			buildPhases = (
				465E90462AC8F5C700D8FC00 /* Sources */,
				465E90472AC8F5C700D8FC00 /* Frameworks */,
				465E90482AC8F5C700D8FC00 /* Resources */,
			);
			buildRules = (
			);
			dependencies = (
			);
			name = SpendWise;
			packageProductDependencies = (
				BFFB01CC2AE8654600C63C1C /* SwiftUIFontIcon */,
				BFFB01D12AE874C000C63C1C /* Collections */,
				BFFB01D32AE874C000C63C1C /* DequeModule */,
				BFFB01D52AE874C000C63C1C /* OrderedCollections */,
				BFFB01D92AE877BA00C63C1C /* SwiftUICharts */,
			);
			productName = SpendWise;
			productReference = 465E904A2AC8F5C700D8FC00 /* SpendWise.app */;
			productType = "com.apple.product-type.application";
		};
/* End PBXNativeTarget section */

/* Begin PBXProject section */
		465E90422AC8F5C700D8FC00 /* Project object */ = {
			isa = PBXProject;
			attributes = {
				BuildIndependentTargetsInParallel = 1;
				LastSwiftUpdateCheck = 1500;
				LastUpgradeCheck = 1500;
				TargetAttributes = {
					465E90492AC8F5C700D8FC00 = {
						CreatedOnToolsVersion = 15.0;
					};
				};
			};
			buildConfigurationList = 465E90452AC8F5C700D8FC00 /* Build configuration list for PBXProject "SpendWise" */;
			compatibilityVersion = "Xcode 14.0";
			developmentRegion = en;
			hasScannedForEncodings = 0;
			knownRegions = (
				en,
				Base,
			);
			mainGroup = 465E90412AC8F5C700D8FC00;
			packageReferences = (
				BFFB01CB2AE8654600C63C1C /* XCRemoteSwiftPackageReference "SwiftUIFontIcon" */,
				BFFB01D02AE874C000C63C1C /* XCRemoteSwiftPackageReference "swift-collections" */,
				BFFB01DB2AE878B000C63C1C /* XCRemoteSwiftPackageReference "ChartView" */,
			);
			productRefGroup = 465E904B2AC8F5C700D8FC00 /* Products */;
			projectDirPath = "";
			projectRoot = "";
			targets = (
				465E90492AC8F5C700D8FC00 /* SpendWise */,
			);
		};
/* End PBXProject section */

/* Begin PBXResourcesBuildPhase section */
		465E90482AC8F5C700D8FC00 /* Resources */ = {
			isa = PBXResourcesBuildPhase;
			buildActionMask = 2147483647;
			files = (
				465E90552AC8F5C800D8FC00 /* Preview Assets.xcassets in Resources */,
				465E90522AC8F5C800D8FC00 /* Assets.xcassets in Resources */,
			);
			runOnlyForDeploymentPostprocessing = 0;
		};
/* End PBXResourcesBuildPhase section */

/* Begin PBXSourcesBuildPhase section */
		465E90462AC8F5C700D8FC00 /* Sources */ = {
			isa = PBXSourcesBuildPhase;
			buildActionMask = 2147483647;
			files = (
				460F2C602AE45E2B00D9778A /* CategoryStore.swift in Sources */,
				46BAD52D2ADE064400AF0169 /* AddExpense.swift in Sources */,
				460F2C682AE462EE00D9778A /* CategoryViewModel.swift in Sources */,
				BFFB01DD2AE87AB000C63C1C /* RecentExpenseList.swift in Sources */,
				465E90502AC8F5C700D8FC00 /* ContentView.swift in Sources */,
				BFFB01CF2AE867AC00C63C1C /* PreviewData.swift in Sources */,
				BFFB01C52AE863AF00C63C1C /* Extension.swift in Sources */,
				465E904E2AC8F5C700D8FC00 /* SpendWiseApp.swift in Sources */,
				46BAD52F2ADE065500AF0169 /* AddCategory.swift in Sources */,
				BFFB01CA2AE864A900C63C1C /* ExpenseRow.swift in Sources */,
				460F2C622AE45F6800D9778A /* ExpenseViewModel.swift in Sources */,
				460F2C5C2AE45BC400D9778A /* Expense.swift in Sources */,
				460F2C5E2AE45BD000D9778A /* Category.swift in Sources */,
				460F2C642AE4600700D9778A /* ExpenseStore.swift in Sources */,
			);
			runOnlyForDeploymentPostprocessing = 0;
		};
/* End PBXSourcesBuildPhase section */

/* Begin XCBuildConfiguration section */
		465E90562AC8F5C800D8FC00 /* Debug */ = {
			isa = XCBuildConfiguration;
			buildSettings = {
				ALWAYS_SEARCH_USER_PATHS = NO;
				ASSETCATALOG_COMPILER_GENERATE_SWIFT_ASSET_SYMBOL_EXTENSIONS = YES;
				CLANG_ANALYZER_NONNULL = YES;
				CLANG_ANALYZER_NUMBER_OBJECT_CONVERSION = YES_AGGRESSIVE;
				CLANG_CXX_LANGUAGE_STANDARD = "gnu++20";
				CLANG_ENABLE_MODULES = YES;
				CLANG_ENABLE_OBJC_ARC = YES;
				CLANG_ENABLE_OBJC_WEAK = YES;
				CLANG_WARN_BLOCK_CAPTURE_AUTORELEASING = YES;
				CLANG_WARN_BOOL_CONVERSION = YES;
				CLANG_WARN_COMMA = YES;
				CLANG_WARN_CONSTANT_CONVERSION = YES;
				CLANG_WARN_DEPRECATED_OBJC_IMPLEMENTATIONS = YES;
				CLANG_WARN_DIRECT_OBJC_ISA_USAGE = YES_ERROR;
				CLANG_WARN_DOCUMENTATION_COMMENTS = YES;
				CLANG_WARN_EMPTY_BODY = YES;
				CLANG_WARN_ENUM_CONVERSION = YES;
				CLANG_WARN_INFINITE_RECURSION = YES;
				CLANG_WARN_INT_CONVERSION = YES;
				CLANG_WARN_NON_LITERAL_NULL_CONVERSION = YES;
				CLANG_WARN_OBJC_IMPLICIT_RETAIN_SELF = YES;
				CLANG_WARN_OBJC_LITERAL_CONVERSION = YES;
				CLANG_WARN_OBJC_ROOT_CLASS = YES_ERROR;
				CLANG_WARN_QUOTED_INCLUDE_IN_FRAMEWORK_HEADER = YES;
				CLANG_WARN_RANGE_LOOP_ANALYSIS = YES;
				CLANG_WARN_STRICT_PROTOTYPES = YES;
				CLANG_WARN_SUSPICIOUS_MOVE = YES;
				CLANG_WARN_UNGUARDED_AVAILABILITY = YES_AGGRESSIVE;
				CLANG_WARN_UNREACHABLE_CODE = YES;
				CLANG_WARN__DUPLICATE_METHOD_MATCH = YES;
				COPY_PHASE_STRIP = NO;
				DEBUG_INFORMATION_FORMAT = dwarf;
				ENABLE_STRICT_OBJC_MSGSEND = YES;
				ENABLE_TESTABILITY = YES;
				ENABLE_USER_SCRIPT_SANDBOXING = YES;
				GCC_C_LANGUAGE_STANDARD = gnu17;
				GCC_DYNAMIC_NO_PIC = NO;
				GCC_NO_COMMON_BLOCKS = YES;
				GCC_OPTIMIZATION_LEVEL = 0;
				GCC_PREPROCESSOR_DEFINITIONS = (
					"DEBUG=1",
					"$(inherited)",
				);
				GCC_WARN_64_TO_32_BIT_CONVERSION = YES;
				GCC_WARN_ABOUT_RETURN_TYPE = YES_ERROR;
				GCC_WARN_UNDECLARED_SELECTOR = YES;
				GCC_WARN_UNINITIALIZED_AUTOS = YES_AGGRESSIVE;
				GCC_WARN_UNUSED_FUNCTION = YES;
				GCC_WARN_UNUSED_VARIABLE = YES;
				IPHONEOS_DEPLOYMENT_TARGET = 17.0;
				LOCALIZATION_PREFERS_STRING_CATALOGS = YES;
				MTL_ENABLE_DEBUG_INFO = INCLUDE_SOURCE;
				MTL_FAST_MATH = YES;
				ONLY_ACTIVE_ARCH = YES;
				SDKROOT = iphoneos;
				SWIFT_ACTIVE_COMPILATION_CONDITIONS = "DEBUG $(inherited)";
				SWIFT_OPTIMIZATION_LEVEL = "-Onone";
			};
			name = Debug;
		};
		465E90572AC8F5C800D8FC00 /* Release */ = {
			isa = XCBuildConfiguration;
			buildSettings = {
				ALWAYS_SEARCH_USER_PATHS = NO;
				ASSETCATALOG_COMPILER_GENERATE_SWIFT_ASSET_SYMBOL_EXTENSIONS = YES;
				CLANG_ANALYZER_NONNULL = YES;
				CLANG_ANALYZER_NUMBER_OBJECT_CONVERSION = YES_AGGRESSIVE;
				CLANG_CXX_LANGUAGE_STANDARD = "gnu++20";
				CLANG_ENABLE_MODULES = YES;
				CLANG_ENABLE_OBJC_ARC = YES;
				CLANG_ENABLE_OBJC_WEAK = YES;
				CLANG_WARN_BLOCK_CAPTURE_AUTORELEASING = YES;
				CLANG_WARN_BOOL_CONVERSION = YES;
				CLANG_WARN_COMMA = YES;
				CLANG_WARN_CONSTANT_CONVERSION = YES;
				CLANG_WARN_DEPRECATED_OBJC_IMPLEMENTATIONS = YES;
				CLANG_WARN_DIRECT_OBJC_ISA_USAGE = YES_ERROR;
				CLANG_WARN_DOCUMENTATION_COMMENTS = YES;
				CLANG_WARN_EMPTY_BODY = YES;
				CLANG_WARN_ENUM_CONVERSION = YES;
				CLANG_WARN_INFINITE_RECURSION = YES;
				CLANG_WARN_INT_CONVERSION = YES;
				CLANG_WARN_NON_LITERAL_NULL_CONVERSION = YES;
				CLANG_WARN_OBJC_IMPLICIT_RETAIN_SELF = YES;
				CLANG_WARN_OBJC_LITERAL_CONVERSION = YES;
				CLANG_WARN_OBJC_ROOT_CLASS = YES_ERROR;
				CLANG_WARN_QUOTED_INCLUDE_IN_FRAMEWORK_HEADER = YES;
				CLANG_WARN_RANGE_LOOP_ANALYSIS = YES;
				CLANG_WARN_STRICT_PROTOTYPES = YES;
				CLANG_WARN_SUSPICIOUS_MOVE = YES;
				CLANG_WARN_UNGUARDED_AVAILABILITY = YES_AGGRESSIVE;
				CLANG_WARN_UNREACHABLE_CODE = YES;
				CLANG_WARN__DUPLICATE_METHOD_MATCH = YES;
				COPY_PHASE_STRIP = NO;
				DEBUG_INFORMATION_FORMAT = "dwarf-with-dsym";
				ENABLE_NS_ASSERTIONS = NO;
				ENABLE_STRICT_OBJC_MSGSEND = YES;
				ENABLE_USER_SCRIPT_SANDBOXING = YES;
				GCC_C_LANGUAGE_STANDARD = gnu17;
				GCC_NO_COMMON_BLOCKS = YES;
				GCC_WARN_64_TO_32_BIT_CONVERSION = YES;
				GCC_WARN_ABOUT_RETURN_TYPE = YES_ERROR;
				GCC_WARN_UNDECLARED_SELECTOR = YES;
				GCC_WARN_UNINITIALIZED_AUTOS = YES_AGGRESSIVE;
				GCC_WARN_UNUSED_FUNCTION = YES;
				GCC_WARN_UNUSED_VARIABLE = YES;
				IPHONEOS_DEPLOYMENT_TARGET = 17.0;
				LOCALIZATION_PREFERS_STRING_CATALOGS = YES;
				MTL_ENABLE_DEBUG_INFO = NO;
				MTL_FAST_MATH = YES;
				SDKROOT = iphoneos;
				SWIFT_COMPILATION_MODE = wholemodule;
				VALIDATE_PRODUCT = YES;
			};
			name = Release;
		};
		465E90592AC8F5C800D8FC00 /* Debug */ = {
			isa = XCBuildConfiguration;
			buildSettings = {
				ASSETCATALOG_COMPILER_APPICON_NAME = AppIcon;
				ASSETCATALOG_COMPILER_GLOBAL_ACCENT_COLOR_NAME = AccentColor;
				CODE_SIGN_STYLE = Automatic;
				CURRENT_PROJECT_VERSION = 1;
				DEVELOPMENT_ASSET_PATHS = "\"SpendWise/Preview Content\"";
				ENABLE_PREVIEWS = YES;
				GENERATE_INFOPLIST_FILE = YES;
				INFOPLIST_KEY_UIApplicationSceneManifest_Generation = YES;
				INFOPLIST_KEY_UIApplicationSupportsIndirectInputEvents = YES;
				INFOPLIST_KEY_UILaunchScreen_Generation = YES;
				INFOPLIST_KEY_UISupportedInterfaceOrientations_iPad = "UIInterfaceOrientationPortrait UIInterfaceOrientationPortraitUpsideDown UIInterfaceOrientationLandscapeLeft UIInterfaceOrientationLandscapeRight";
				INFOPLIST_KEY_UISupportedInterfaceOrientations_iPhone = "UIInterfaceOrientationPortrait UIInterfaceOrientationLandscapeLeft UIInterfaceOrientationLandscapeRight";
				LD_RUNPATH_SEARCH_PATHS = (
					"$(inherited)",
					"@executable_path/Frameworks",
				);
				MARKETING_VERSION = 1.0;
				PRODUCT_BUNDLE_IDENTIFIER = com.example.Group20.SpendWise;
				PRODUCT_NAME = "$(TARGET_NAME)";
				SWIFT_EMIT_LOC_STRINGS = YES;
				SWIFT_VERSION = 5.0;
				TARGETED_DEVICE_FAMILY = "1,2";
			};
			name = Debug;
		};
		465E905A2AC8F5C800D8FC00 /* Release */ = {
			isa = XCBuildConfiguration;
			buildSettings = {
				ASSETCATALOG_COMPILER_APPICON_NAME = AppIcon;
				ASSETCATALOG_COMPILER_GLOBAL_ACCENT_COLOR_NAME = AccentColor;
				CODE_SIGN_STYLE = Automatic;
				CURRENT_PROJECT_VERSION = 1;
				DEVELOPMENT_ASSET_PATHS = "\"SpendWise/Preview Content\"";
				ENABLE_PREVIEWS = YES;
				GENERATE_INFOPLIST_FILE = YES;
				INFOPLIST_KEY_UIApplicationSceneManifest_Generation = YES;
				INFOPLIST_KEY_UIApplicationSupportsIndirectInputEvents = YES;
				INFOPLIST_KEY_UILaunchScreen_Generation = YES;
				INFOPLIST_KEY_UISupportedInterfaceOrientations_iPad = "UIInterfaceOrientationPortrait UIInterfaceOrientationPortraitUpsideDown UIInterfaceOrientationLandscapeLeft UIInterfaceOrientationLandscapeRight";
				INFOPLIST_KEY_UISupportedInterfaceOrientations_iPhone = "UIInterfaceOrientationPortrait UIInterfaceOrientationLandscapeLeft UIInterfaceOrientationLandscapeRight";
				LD_RUNPATH_SEARCH_PATHS = (
					"$(inherited)",
					"@executable_path/Frameworks",
				);
				MARKETING_VERSION = 1.0;
				PRODUCT_BUNDLE_IDENTIFIER = com.example.Group20.SpendWise;
				PRODUCT_NAME = "$(TARGET_NAME)";
				SWIFT_EMIT_LOC_STRINGS = YES;
				SWIFT_VERSION = 5.0;
				TARGETED_DEVICE_FAMILY = "1,2";
			};
			name = Release;
		};
/* End XCBuildConfiguration section */

/* Begin XCConfigurationList section */
		465E90452AC8F5C700D8FC00 /* Build configuration list for PBXProject "SpendWise" */ = {
			isa = XCConfigurationList;
			buildConfigurations = (
				465E90562AC8F5C800D8FC00 /* Debug */,
				465E90572AC8F5C800D8FC00 /* Release */,
			);
			defaultConfigurationIsVisible = 0;
			defaultConfigurationName = Release;
		};
		465E90582AC8F5C800D8FC00 /* Build configuration list for PBXNativeTarget "SpendWise" */ = {
			isa = XCConfigurationList;
			buildConfigurations = (
				465E90592AC8F5C800D8FC00 /* Debug */,
				465E905A2AC8F5C800D8FC00 /* Release */,
			);
			defaultConfigurationIsVisible = 0;
			defaultConfigurationName = Release;
		};
/* End XCConfigurationList section */

/* Begin XCRemoteSwiftPackageReference section */
		BFFB01CB2AE8654600C63C1C /* XCRemoteSwiftPackageReference "SwiftUIFontIcon" */ = {
			isa = XCRemoteSwiftPackageReference;
			repositoryURL = "https://github.com/huybuidac/SwiftUIFontIcon";
			requirement = {
				kind = upToNextMajorVersion;
				minimumVersion = 2.1.0;
			};
		};
		BFFB01D02AE874C000C63C1C /* XCRemoteSwiftPackageReference "swift-collections" */ = {
			isa = XCRemoteSwiftPackageReference;
			repositoryURL = "https://github.com/apple/swift-collections.git";
			requirement = {
				kind = upToNextMajorVersion;
				minimumVersion = 1.0.5;
			};
		};
		BFFB01DB2AE878B000C63C1C /* XCRemoteSwiftPackageReference "ChartView" */ = {
			isa = XCRemoteSwiftPackageReference;
			repositoryURL = "https://github.com/AppPear/ChartView";
			requirement = {
				kind = exactVersion;
				version = "2.0.0-beta.2";
			};
		};
/* End XCRemoteSwiftPackageReference section */

/* Begin XCSwiftPackageProductDependency section */
		BFFB01CC2AE8654600C63C1C /* SwiftUIFontIcon */ = {
			isa = XCSwiftPackageProductDependency;
			package = BFFB01CB2AE8654600C63C1C /* XCRemoteSwiftPackageReference "SwiftUIFontIcon" */;
			productName = SwiftUIFontIcon;
		};
		BFFB01D12AE874C000C63C1C /* Collections */ = {
			isa = XCSwiftPackageProductDependency;
			package = BFFB01D02AE874C000C63C1C /* XCRemoteSwiftPackageReference "swift-collections" */;
			productName = Collections;
		};
		BFFB01D32AE874C000C63C1C /* DequeModule */ = {
			isa = XCSwiftPackageProductDependency;
			package = BFFB01D02AE874C000C63C1C /* XCRemoteSwiftPackageReference "swift-collections" */;
			productName = DequeModule;
		};
		BFFB01D52AE874C000C63C1C /* OrderedCollections */ = {
			isa = XCSwiftPackageProductDependency;
			package = BFFB01D02AE874C000C63C1C /* XCRemoteSwiftPackageReference "swift-collections" */;
			productName = OrderedCollections;
		};
		BFFB01D92AE877BA00C63C1C /* SwiftUICharts */ = {
			isa = XCSwiftPackageProductDependency;
			productName = SwiftUICharts;
		};
/* End XCSwiftPackageProductDependency section */
	};
	rootObject = 465E90422AC8F5C700D8FC00 /* Project object */;
}
