// !$*UTF8*$!
{
	archiveVersion = 1;
	classes = {
	};
	objectVersion = 56;
	objects = {

/* Begin PBXBuildFile section */
		460F2C5C2AE45BC400D9778A /* Expense.swift in Sources */ = {isa = PBXBuildFile; fileRef = 460F2C5B2AE45BC400D9778A /* Expense.swift */; };
		460F2C5E2AE45BD000D9778A /* Category.swift in Sources */ = {isa = PBXBuildFile; fileRef = 460F2C5D2AE45BD000D9778A /* Category.swift */; };
		460F2C602AE45E2B00D9778A /* CategoryStore.swift in Sources */ = {isa = PBXBuildFile; fileRef = 460F2C5F2AE45E2B00D9778A /* CategoryStore.swift */; };
		460F2C622AE45F6800D9778A /* ExpenseViewModel.swift in Sources */ = {isa = PBXBuildFile; fileRef = 460F2C612AE45F6800D9778A /* ExpenseViewModel.swift */; };
		460F2C642AE4600700D9778A /* ExpenseStore.swift in Sources */ = {isa = PBXBuildFile; fileRef = 460F2C632AE4600700D9778A /* ExpenseStore.swift */; };
		460F2C682AE462EE00D9778A /* CategoryViewModel.swift in Sources */ = {isa = PBXBuildFile; fileRef = 460F2C672AE462EE00D9778A /* CategoryViewModel.swift */; };
		4643A5F42B157AE300AEE50B /* CreateReportView.swift in Sources */ = {isa = PBXBuildFile; fileRef = 4643A5F32B157AE300AEE50B /* CreateReportView.swift */; };
		4643A5F62B1681F900AEE50B /* ReportView.swift in Sources */ = {isa = PBXBuildFile; fileRef = 4643A5F52B1681F900AEE50B /* ReportView.swift */; };
		465E904E2AC8F5C700D8FC00 /* SpendWiseApp.swift in Sources */ = {isa = PBXBuildFile; fileRef = 465E904D2AC8F5C700D8FC00 /* SpendWiseApp.swift */; };
		465E90502AC8F5C700D8FC00 /* ContentView.swift in Sources */ = {isa = PBXBuildFile; fileRef = 465E904F2AC8F5C700D8FC00 /* ContentView.swift */; };
		465E90522AC8F5C800D8FC00 /* Assets.xcassets in Resources */ = {isa = PBXBuildFile; fileRef = 465E90512AC8F5C800D8FC00 /* Assets.xcassets */; };
		465E90552AC8F5C800D8FC00 /* Preview Assets.xcassets in Resources */ = {isa = PBXBuildFile; fileRef = 465E90542AC8F5C800D8FC00 /* Preview Assets.xcassets */; };
		467ABAC92AF83317009CDCC1 /* DeleteUserView.swift in Sources */ = {isa = PBXBuildFile; fileRef = 467ABAC82AF83317009CDCC1 /* DeleteUserView.swift */; };
		46BAD52D2ADE064400AF0169 /* AddExpense.swift in Sources */ = {isa = PBXBuildFile; fileRef = 46BAD52C2ADE064400AF0169 /* AddExpense.swift */; };
		46BAD52F2ADE065500AF0169 /* AddCategory.swift in Sources */ = {isa = PBXBuildFile; fileRef = 46BAD52E2ADE065500AF0169 /* AddCategory.swift */; };
		46CA60CD2B168DBA00FE3CE3 /* ReportSummaryView.swift in Sources */ = {isa = PBXBuildFile; fileRef = 46CA60CC2B168DBA00FE3CE3 /* ReportSummaryView.swift */; };
		9436A4032AE6FC3900067DBD /* ExpenseDetailsSheet.swift in Sources */ = {isa = PBXBuildFile; fileRef = 9436A4022AE6FC3900067DBD /* ExpenseDetailsSheet.swift */; };
		9437B1C72AF415F6003ED68B /* EditExpense.swift in Sources */ = {isa = PBXBuildFile; fileRef = 9437B1C62AF415F6003ED68B /* EditExpense.swift */; };
		9437B1C92AF56A8F003ED68B /* ListCategory.swift in Sources */ = {isa = PBXBuildFile; fileRef = 9437B1C82AF56A8F003ED68B /* ListCategory.swift */; };
		9437B1CB2AF583C6003ED68B /* EditCategorySheet.swift in Sources */ = {isa = PBXBuildFile; fileRef = 9437B1CA2AF583C6003ED68B /* EditCategorySheet.swift */; };
		94417C092B1C96F900161022 /* AppSettingsView.swift in Sources */ = {isa = PBXBuildFile; fileRef = 94417C082B1C96F900161022 /* AppSettingsView.swift */; };
		94417C0C2B1C996C00161022 /* AddressStore.swift in Sources */ = {isa = PBXBuildFile; fileRef = 94417C0B2B1C996C00161022 /* AddressStore.swift */; };
		94417C0E2B1C9DCC00161022 /* UserViewModel.swift in Sources */ = {isa = PBXBuildFile; fileRef = 94417C0D2B1C9DCC00161022 /* UserViewModel.swift */; };
		94417C102B1C9E3E00161022 /* User.swift in Sources */ = {isa = PBXBuildFile; fileRef = 94417C0F2B1C9E3E00161022 /* User.swift */; };
		94417C122B1CA28000161022 /* EditUserSheet.swift in Sources */ = {isa = PBXBuildFile; fileRef = 94417C112B1CA28000161022 /* EditUserSheet.swift */; };
		94417C162B1CBE5200161022 /* Theme.swift in Sources */ = {isa = PBXBuildFile; fileRef = 94417C152B1CBE5200161022 /* Theme.swift */; };
		94417C182B1CBE9400161022 /* EditThemeView.swift in Sources */ = {isa = PBXBuildFile; fileRef = 94417C172B1CBE9400161022 /* EditThemeView.swift */; };
		94417C1E2B1E5B1C00161022 /* ThemeManagers.swift in Sources */ = {isa = PBXBuildFile; fileRef = 94417C1D2B1E5B1C00161022 /* ThemeManagers.swift */; };
		94417C212B1E671700161022 /* FullButton.swift in Sources */ = {isa = PBXBuildFile; fileRef = 94417C202B1E671700161022 /* FullButton.swift */; };
		94417C232B1E699000161022 /* PlainButton.swift in Sources */ = {isa = PBXBuildFile; fileRef = 94417C222B1E699000161022 /* PlainButton.swift */; };
		94607D0A2B0BF189001DE99D /* TaxCalculatorSheet.swift in Sources */ = {isa = PBXBuildFile; fileRef = 94607D092B0BF189001DE99D /* TaxCalculatorSheet.swift */; };
		94607D0E2B0D1A26001DE99D /* TaxCalculatorResult.swift in Sources */ = {isa = PBXBuildFile; fileRef = 94607D0D2B0D1A26001DE99D /* TaxCalculatorResult.swift */; };
		94607D122B0D27C0001DE99D /* TaxCalculatorViewModel.swift in Sources */ = {isa = PBXBuildFile; fileRef = 94607D112B0D27C0001DE99D /* TaxCalculatorViewModel.swift */; };
		94607D162B0D484D001DE99D /* Province.swift in Sources */ = {isa = PBXBuildFile; fileRef = 94607D152B0D484D001DE99D /* Province.swift */; };
		BF091E3B2AF864EE00F35139 /* TabBar.swift in Sources */ = {isa = PBXBuildFile; fileRef = BF091E3A2AF864EE00F35139 /* TabBar.swift */; };
		BF091E3D2AF8655600F35139 /* TabModel.swift in Sources */ = {isa = PBXBuildFile; fileRef = BF091E3C2AF8655600F35139 /* TabModel.swift */; };
		BF091E3F2AF865F900F35139 /* PreferenceKey.swift in Sources */ = {isa = PBXBuildFile; fileRef = BF091E3E2AF865F900F35139 /* PreferenceKey.swift */; };
		BF091E422AF871E400F35139 /* Animation.swift in Sources */ = {isa = PBXBuildFile; fileRef = BF091E412AF871E400F35139 /* Animation.swift */; };
		BF091E452AF872DB00F35139 /* Home.swift in Sources */ = {isa = PBXBuildFile; fileRef = BF091E442AF872DB00F35139 /* Home.swift */; };
		BF091E472AFA9C2500F35139 /* Settings.swift in Sources */ = {isa = PBXBuildFile; fileRef = BF091E462AFA9C2500F35139 /* Settings.swift */; };
		BF091E492AFA9D7500F35139 /* AnimatedBlobUiView.swift in Sources */ = {isa = PBXBuildFile; fileRef = BF091E482AFA9D7500F35139 /* AnimatedBlobUiView.swift */; };
		BF091E4B2AFA9DCA00F35139 /* HexagonUIView.swift in Sources */ = {isa = PBXBuildFile; fileRef = BF091E4A2AFA9DCA00F35139 /* HexagonUIView.swift */; };
		BF091E4D2AFAA04A00F35139 /* AddressModel.swift in Sources */ = {isa = PBXBuildFile; fileRef = BF091E4C2AFAA04A00F35139 /* AddressModel.swift */; };
		BF091E4F2AFAB24600F35139 /* NavigationBar.swift in Sources */ = {isa = PBXBuildFile; fileRef = BF091E4E2AFAB24600F35139 /* NavigationBar.swift */; };
		BF091E512AFAB2FC00F35139 /* AppModel.swift in Sources */ = {isa = PBXBuildFile; fileRef = BF091E502AFAB2FC00F35139 /* AppModel.swift */; };
		BF091E532AFAB48A00F35139 /* AnimatableFont.swift in Sources */ = {isa = PBXBuildFile; fileRef = BF091E522AFAB48A00F35139 /* AnimatableFont.swift */; };
		BF091E552AFAC27C00F35139 /* BudgettingView.swift in Sources */ = {isa = PBXBuildFile; fileRef = BF091E542AFAC27C00F35139 /* BudgettingView.swift */; };
		BF091E572AFAD36A00F35139 /* Modifiers.swift in Sources */ = {isa = PBXBuildFile; fileRef = BF091E562AFAD36A00F35139 /* Modifiers.swift */; };
		BF091E592AFAECA500F35139 /* ExpenseTab.swift in Sources */ = {isa = PBXBuildFile; fileRef = BF091E582AFAECA500F35139 /* ExpenseTab.swift */; };
		BFFB01C52AE863AF00C63C1C /* Extension.swift in Sources */ = {isa = PBXBuildFile; fileRef = BFFB01C42AE863AF00C63C1C /* Extension.swift */; };
		BFFB01CA2AE864A900C63C1C /* ExpenseRow.swift in Sources */ = {isa = PBXBuildFile; fileRef = BFFB01C92AE864A800C63C1C /* ExpenseRow.swift */; };
		BFFB01CD2AE8654600C63C1C /* SwiftUIFontIcon in Frameworks */ = {isa = PBXBuildFile; productRef = BFFB01CC2AE8654600C63C1C /* SwiftUIFontIcon */; };
		BFFB01CF2AE867AC00C63C1C /* PreviewData.swift in Sources */ = {isa = PBXBuildFile; fileRef = BFFB01CE2AE867AC00C63C1C /* PreviewData.swift */; };
		BFFB01D22AE874C000C63C1C /* Collections in Frameworks */ = {isa = PBXBuildFile; productRef = BFFB01D12AE874C000C63C1C /* Collections */; };
		BFFB01D42AE874C000C63C1C /* DequeModule in Frameworks */ = {isa = PBXBuildFile; productRef = BFFB01D32AE874C000C63C1C /* DequeModule */; };
		BFFB01D62AE874C000C63C1C /* OrderedCollections in Frameworks */ = {isa = PBXBuildFile; productRef = BFFB01D52AE874C000C63C1C /* OrderedCollections */; };
		BFFB01DA2AE877BA00C63C1C /* SwiftUICharts in Frameworks */ = {isa = PBXBuildFile; productRef = BFFB01D92AE877BA00C63C1C /* SwiftUICharts */; };
		BFFB01DD2AE87AB000C63C1C /* RecentExpenseList.swift in Sources */ = {isa = PBXBuildFile; fileRef = BFFB01DC2AE87AB000C63C1C /* RecentExpenseList.swift */; };
		BFFB01DF2AE8A49C00C63C1C /* MenuView.swift in Sources */ = {isa = PBXBuildFile; fileRef = BFFB01DE2AE8A49C00C63C1C /* MenuView.swift */; };
/* End PBXBuildFile section */

/* Begin PBXFileReference section */
		460F2C5B2AE45BC400D9778A /* Expense.swift */ = {isa = PBXFileReference; lastKnownFileType = sourcecode.swift; path = Expense.swift; sourceTree = "<group>"; };
		460F2C5D2AE45BD000D9778A /* Category.swift */ = {isa = PBXFileReference; lastKnownFileType = sourcecode.swift; path = Category.swift; sourceTree = "<group>"; };
		460F2C5F2AE45E2B00D9778A /* CategoryStore.swift */ = {isa = PBXFileReference; lastKnownFileType = sourcecode.swift; path = CategoryStore.swift; sourceTree = "<group>"; };
		460F2C612AE45F6800D9778A /* ExpenseViewModel.swift */ = {isa = PBXFileReference; lastKnownFileType = sourcecode.swift; path = ExpenseViewModel.swift; sourceTree = "<group>"; };
		460F2C632AE4600700D9778A /* ExpenseStore.swift */ = {isa = PBXFileReference; lastKnownFileType = sourcecode.swift; path = ExpenseStore.swift; sourceTree = "<group>"; };
		460F2C672AE462EE00D9778A /* CategoryViewModel.swift */ = {isa = PBXFileReference; lastKnownFileType = sourcecode.swift; path = CategoryViewModel.swift; sourceTree = "<group>"; };
		4643A5F32B157AE300AEE50B /* CreateReportView.swift */ = {isa = PBXFileReference; lastKnownFileType = sourcecode.swift; path = CreateReportView.swift; sourceTree = "<group>"; };
		4643A5F52B1681F900AEE50B /* ReportView.swift */ = {isa = PBXFileReference; lastKnownFileType = sourcecode.swift; path = ReportView.swift; sourceTree = "<group>"; };
		465E904A2AC8F5C700D8FC00 /* SpendWise.app */ = {isa = PBXFileReference; explicitFileType = wrapper.application; includeInIndex = 0; path = SpendWise.app; sourceTree = BUILT_PRODUCTS_DIR; };
		465E904D2AC8F5C700D8FC00 /* SpendWiseApp.swift */ = {isa = PBXFileReference; lastKnownFileType = sourcecode.swift; path = SpendWiseApp.swift; sourceTree = "<group>"; };
		465E904F2AC8F5C700D8FC00 /* ContentView.swift */ = {isa = PBXFileReference; lastKnownFileType = sourcecode.swift; path = ContentView.swift; sourceTree = "<group>"; };
		465E90512AC8F5C800D8FC00 /* Assets.xcassets */ = {isa = PBXFileReference; lastKnownFileType = folder.assetcatalog; path = Assets.xcassets; sourceTree = "<group>"; };
		465E90542AC8F5C800D8FC00 /* Preview Assets.xcassets */ = {isa = PBXFileReference; lastKnownFileType = folder.assetcatalog; path = "Preview Assets.xcassets"; sourceTree = "<group>"; };
		467ABAC82AF83317009CDCC1 /* DeleteUserView.swift */ = {isa = PBXFileReference; lastKnownFileType = sourcecode.swift; path = DeleteUserView.swift; sourceTree = "<group>"; };
		46BAD52C2ADE064400AF0169 /* AddExpense.swift */ = {isa = PBXFileReference; lastKnownFileType = sourcecode.swift; path = AddExpense.swift; sourceTree = "<group>"; };
		46BAD52E2ADE065500AF0169 /* AddCategory.swift */ = {isa = PBXFileReference; lastKnownFileType = sourcecode.swift; path = AddCategory.swift; sourceTree = "<group>"; };
		46CA60CC2B168DBA00FE3CE3 /* ReportSummaryView.swift */ = {isa = PBXFileReference; lastKnownFileType = sourcecode.swift; path = ReportSummaryView.swift; sourceTree = "<group>"; };
		9436A4022AE6FC3900067DBD /* ExpenseDetailsSheet.swift */ = {isa = PBXFileReference; lastKnownFileType = sourcecode.swift; path = ExpenseDetailsSheet.swift; sourceTree = "<group>"; };
		9437B1C62AF415F6003ED68B /* EditExpense.swift */ = {isa = PBXFileReference; lastKnownFileType = sourcecode.swift; path = EditExpense.swift; sourceTree = "<group>"; };
		9437B1C82AF56A8F003ED68B /* ListCategory.swift */ = {isa = PBXFileReference; lastKnownFileType = sourcecode.swift; path = ListCategory.swift; sourceTree = "<group>"; };
		9437B1CA2AF583C6003ED68B /* EditCategorySheet.swift */ = {isa = PBXFileReference; lastKnownFileType = sourcecode.swift; path = EditCategorySheet.swift; sourceTree = "<group>"; };
		94417C082B1C96F900161022 /* AppSettingsView.swift */ = {isa = PBXFileReference; lastKnownFileType = sourcecode.swift; path = AppSettingsView.swift; sourceTree = "<group>"; };
		94417C0B2B1C996C00161022 /* AddressStore.swift */ = {isa = PBXFileReference; lastKnownFileType = sourcecode.swift; path = AddressStore.swift; sourceTree = "<group>"; };
		94417C0D2B1C9DCC00161022 /* UserViewModel.swift */ = {isa = PBXFileReference; lastKnownFileType = sourcecode.swift; path = UserViewModel.swift; sourceTree = "<group>"; };
		94417C0F2B1C9E3E00161022 /* User.swift */ = {isa = PBXFileReference; lastKnownFileType = sourcecode.swift; path = User.swift; sourceTree = "<group>"; };
		94417C112B1CA28000161022 /* EditUserSheet.swift */ = {isa = PBXFileReference; lastKnownFileType = sourcecode.swift; path = EditUserSheet.swift; sourceTree = "<group>"; };
		94417C152B1CBE5200161022 /* Theme.swift */ = {isa = PBXFileReference; lastKnownFileType = sourcecode.swift; path = Theme.swift; sourceTree = "<group>"; };
		94417C172B1CBE9400161022 /* EditThemeView.swift */ = {isa = PBXFileReference; lastKnownFileType = sourcecode.swift; path = EditThemeView.swift; sourceTree = "<group>"; };
		94417C1D2B1E5B1C00161022 /* ThemeManagers.swift */ = {isa = PBXFileReference; lastKnownFileType = sourcecode.swift; path = ThemeManagers.swift; sourceTree = "<group>"; };
		94417C202B1E671700161022 /* FullButton.swift */ = {isa = PBXFileReference; lastKnownFileType = sourcecode.swift; path = FullButton.swift; sourceTree = "<group>"; };
		94417C222B1E699000161022 /* PlainButton.swift */ = {isa = PBXFileReference; lastKnownFileType = sourcecode.swift; path = PlainButton.swift; sourceTree = "<group>"; };
		94607D092B0BF189001DE99D /* TaxCalculatorSheet.swift */ = {isa = PBXFileReference; lastKnownFileType = sourcecode.swift; path = TaxCalculatorSheet.swift; sourceTree = "<group>"; };
		94607D0D2B0D1A26001DE99D /* TaxCalculatorResult.swift */ = {isa = PBXFileReference; lastKnownFileType = sourcecode.swift; path = TaxCalculatorResult.swift; sourceTree = "<group>"; };
		94607D112B0D27C0001DE99D /* TaxCalculatorViewModel.swift */ = {isa = PBXFileReference; lastKnownFileType = sourcecode.swift; path = TaxCalculatorViewModel.swift; sourceTree = "<group>"; };
		94607D152B0D484D001DE99D /* Province.swift */ = {isa = PBXFileReference; lastKnownFileType = sourcecode.swift; path = Province.swift; sourceTree = "<group>"; };
		BF091E3A2AF864EE00F35139 /* TabBar.swift */ = {isa = PBXFileReference; lastKnownFileType = sourcecode.swift; path = TabBar.swift; sourceTree = "<group>"; };
		BF091E3C2AF8655600F35139 /* TabModel.swift */ = {isa = PBXFileReference; lastKnownFileType = sourcecode.swift; path = TabModel.swift; sourceTree = "<group>"; };
		BF091E3E2AF865F900F35139 /* PreferenceKey.swift */ = {isa = PBXFileReference; lastKnownFileType = sourcecode.swift; path = PreferenceKey.swift; sourceTree = "<group>"; };
		BF091E412AF871E400F35139 /* Animation.swift */ = {isa = PBXFileReference; lastKnownFileType = sourcecode.swift; path = Animation.swift; sourceTree = "<group>"; };
		BF091E442AF872DB00F35139 /* Home.swift */ = {isa = PBXFileReference; lastKnownFileType = sourcecode.swift; path = Home.swift; sourceTree = "<group>"; };
		BF091E462AFA9C2500F35139 /* Settings.swift */ = {isa = PBXFileReference; lastKnownFileType = sourcecode.swift; path = Settings.swift; sourceTree = "<group>"; };
		BF091E482AFA9D7500F35139 /* AnimatedBlobUiView.swift */ = {isa = PBXFileReference; lastKnownFileType = sourcecode.swift; path = AnimatedBlobUiView.swift; sourceTree = "<group>"; };
		BF091E4A2AFA9DCA00F35139 /* HexagonUIView.swift */ = {isa = PBXFileReference; lastKnownFileType = sourcecode.swift; path = HexagonUIView.swift; sourceTree = "<group>"; };
		BF091E4C2AFAA04A00F35139 /* AddressModel.swift */ = {isa = PBXFileReference; lastKnownFileType = sourcecode.swift; path = AddressModel.swift; sourceTree = "<group>"; };
		BF091E4E2AFAB24600F35139 /* NavigationBar.swift */ = {isa = PBXFileReference; lastKnownFileType = sourcecode.swift; path = NavigationBar.swift; sourceTree = "<group>"; };
		BF091E502AFAB2FC00F35139 /* AppModel.swift */ = {isa = PBXFileReference; lastKnownFileType = sourcecode.swift; path = AppModel.swift; sourceTree = "<group>"; };
		BF091E522AFAB48A00F35139 /* AnimatableFont.swift */ = {isa = PBXFileReference; lastKnownFileType = sourcecode.swift; path = AnimatableFont.swift; sourceTree = "<group>"; };
		BF091E542AFAC27C00F35139 /* BudgettingView.swift */ = {isa = PBXFileReference; lastKnownFileType = sourcecode.swift; path = BudgettingView.swift; sourceTree = "<group>"; };
		BF091E562AFAD36A00F35139 /* Modifiers.swift */ = {isa = PBXFileReference; lastKnownFileType = sourcecode.swift; path = Modifiers.swift; sourceTree = "<group>"; };
		BF091E582AFAECA500F35139 /* ExpenseTab.swift */ = {isa = PBXFileReference; lastKnownFileType = sourcecode.swift; path = ExpenseTab.swift; sourceTree = "<group>"; };
		BFFB01C42AE863AF00C63C1C /* Extension.swift */ = {isa = PBXFileReference; lastKnownFileType = sourcecode.swift; path = Extension.swift; sourceTree = "<group>"; };
		BFFB01C92AE864A800C63C1C /* ExpenseRow.swift */ = {isa = PBXFileReference; lastKnownFileType = sourcecode.swift; path = ExpenseRow.swift; sourceTree = "<group>"; };
		BFFB01CE2AE867AC00C63C1C /* PreviewData.swift */ = {isa = PBXFileReference; lastKnownFileType = sourcecode.swift; path = PreviewData.swift; sourceTree = "<group>"; };
		BFFB01DC2AE87AB000C63C1C /* RecentExpenseList.swift */ = {isa = PBXFileReference; lastKnownFileType = sourcecode.swift; path = RecentExpenseList.swift; sourceTree = "<group>"; };
		BFFB01DE2AE8A49C00C63C1C /* MenuView.swift */ = {isa = PBXFileReference; lastKnownFileType = sourcecode.swift; path = MenuView.swift; sourceTree = "<group>"; };
/* End PBXFileReference section */

/* Begin PBXFrameworksBuildPhase section */
		465E90472AC8F5C700D8FC00 /* Frameworks */ = {
			isa = PBXFrameworksBuildPhase;
			buildActionMask = 2147483647;
			files = (
				BFFB01D22AE874C000C63C1C /* Collections in Frameworks */,
				BFFB01CD2AE8654600C63C1C /* SwiftUIFontIcon in Frameworks */,
				BFFB01D62AE874C000C63C1C /* OrderedCollections in Frameworks */,
				BFFB01D42AE874C000C63C1C /* DequeModule in Frameworks */,
				BFFB01DA2AE877BA00C63C1C /* SwiftUICharts in Frameworks */,
			);
			runOnlyForDeploymentPostprocessing = 0;
		};
/* End PBXFrameworksBuildPhase section */

/* Begin PBXGroup section */
		460F2C5A2AE45B1100D9778A /* ViewModel */ = {
			isa = PBXGroup;
			children = (
				460F2C612AE45F6800D9778A /* ExpenseViewModel.swift */,
				460F2C672AE462EE00D9778A /* CategoryViewModel.swift */,
				94607D112B0D27C0001DE99D /* TaxCalculatorViewModel.swift */,
				94417C0D2B1C9DCC00161022 /* UserViewModel.swift */,
			);
			path = ViewModel;
			sourceTree = "<group>";
		};
		460F2C652AE4602400D9778A /* Expense */ = {
			isa = PBXGroup;
			children = (
				460F2C5B2AE45BC400D9778A /* Expense.swift */,
				460F2C632AE4600700D9778A /* ExpenseStore.swift */,
			);
			path = Expense;
			sourceTree = "<group>";
		};
		460F2C662AE4603000D9778A /* Category */ = {
			isa = PBXGroup;
			children = (
				460F2C5D2AE45BD000D9778A /* Category.swift */,
				460F2C5F2AE45E2B00D9778A /* CategoryStore.swift */,
			);
			path = Category;
			sourceTree = "<group>";
		};
		465E90412AC8F5C700D8FC00 = {
			isa = PBXGroup;
			children = (
				465E904C2AC8F5C700D8FC00 /* SpendWise */,
				465E904B2AC8F5C700D8FC00 /* Products */,
			);
			sourceTree = "<group>";
		};
		465E904B2AC8F5C700D8FC00 /* Products */ = {
			isa = PBXGroup;
			children = (
				465E904A2AC8F5C700D8FC00 /* SpendWise.app */,
			);
			name = Products;
			sourceTree = "<group>";
		};
		465E904C2AC8F5C700D8FC00 /* SpendWise */ = {
			isa = PBXGroup;
			children = (
				BFFB01C62AE8645200C63C1C /* utils */,
				46BAD52B2ADE061D00AF0169 /* Views */,
				460F2C5A2AE45B1100D9778A /* ViewModel */,
				46BAD52A2ADE060600AF0169 /* Model */,
				465E904D2AC8F5C700D8FC00 /* SpendWiseApp.swift */,
				BF091E392AF8646F00F35139 /* Navigation */,
				465E90512AC8F5C800D8FC00 /* Assets.xcassets */,
				465E90532AC8F5C800D8FC00 /* Preview Content */,
			);
			path = SpendWise;
			sourceTree = "<group>";
		};
		465E90532AC8F5C800D8FC00 /* Preview Content */ = {
			isa = PBXGroup;
			children = (
				465E90542AC8F5C800D8FC00 /* Preview Assets.xcassets */,
				BFFB01CE2AE867AC00C63C1C /* PreviewData.swift */,
			);
			path = "Preview Content";
			sourceTree = "<group>";
		};
		46BAD52A2ADE060600AF0169 /* Model */ = {
			isa = PBXGroup;
			children = (
				94417C1A2B1E564E00161022 /* Themes */,
				94417C0A2B1C995100161022 /* Address */,
				460F2C652AE4602400D9778A /* Expense */,
				460F2C662AE4603000D9778A /* Category */,
				BF091E3C2AF8655600F35139 /* TabModel.swift */,
				BF091E3E2AF865F900F35139 /* PreferenceKey.swift */,
				BF091E502AFAB2FC00F35139 /* AppModel.swift */,
				94607D152B0D484D001DE99D /* Province.swift */,
				94417C0F2B1C9E3E00161022 /* User.swift */,
			);
			path = Model;
			sourceTree = "<group>";
		};
		46BAD52B2ADE061D00AF0169 /* Views */ = {
			isa = PBXGroup;
			children = (
				94417C1F2B1E66FB00161022 /* Components */,
				94417C192B1CBE9B00161022 /* Sheets */,
				BF091E432AF872C700F35139 /* Main */,
				46BAD52C2ADE064400AF0169 /* AddExpense.swift */,
				46BAD52E2ADE065500AF0169 /* AddCategory.swift */,
				BFFB01DC2AE87AB000C63C1C /* RecentExpenseList.swift */,
				BFFB01DE2AE8A49C00C63C1C /* MenuView.swift */,
				467ABAC82AF83317009CDCC1 /* DeleteUserView.swift */,
				9437B1C62AF415F6003ED68B /* EditExpense.swift */,
				9437B1C82AF56A8F003ED68B /* ListCategory.swift */,
				BF091E542AFAC27C00F35139 /* BudgettingView.swift */,
				4643A5F32B157AE300AEE50B /* CreateReportView.swift */,
				4643A5F52B1681F900AEE50B /* ReportView.swift */,
				46CA60CC2B168DBA00FE3CE3 /* ReportSummaryView.swift */,
				94607D0D2B0D1A26001DE99D /* TaxCalculatorResult.swift */,
				94417C082B1C96F900161022 /* AppSettingsView.swift */,
				94417C172B1CBE9400161022 /* EditThemeView.swift */,
			);
			path = Views;
			sourceTree = "<group>";
		};
		94417C0A2B1C995100161022 /* Address */ = {
			isa = PBXGroup;
			children = (
				BF091E4C2AFAA04A00F35139 /* AddressModel.swift */,
				94417C0B2B1C996C00161022 /* AddressStore.swift */,
			);
			path = Address;
			sourceTree = "<group>";
		};
		94417C192B1CBE9B00161022 /* Sheets */ = {
			isa = PBXGroup;
			children = (
				94417C112B1CA28000161022 /* EditUserSheet.swift */,
				94607D092B0BF189001DE99D /* TaxCalculatorSheet.swift */,
				9436A4022AE6FC3900067DBD /* ExpenseDetailsSheet.swift */,
				9437B1CA2AF583C6003ED68B /* EditCategorySheet.swift */,
			);
			path = Sheets;
			sourceTree = "<group>";
		};
		94417C1A2B1E564E00161022 /* Themes */ = {
			isa = PBXGroup;
			children = (
				94417C152B1CBE5200161022 /* Theme.swift */,
				94417C1D2B1E5B1C00161022 /* ThemeManagers.swift */,
			);
			path = Themes;
			sourceTree = "<group>";
		};
		94417C1F2B1E66FB00161022 /* Components */ = {
			isa = PBXGroup;
			children = (
				BFFB01C92AE864A800C63C1C /* ExpenseRow.swift */,
				94417C202B1E671700161022 /* FullButton.swift */,
				94417C222B1E699000161022 /* PlainButton.swift */,
			);
			path = Components;
			sourceTree = "<group>";
		};
		BF091E392AF8646F00F35139 /* Navigation */ = {
			isa = PBXGroup;
			children = (
				465E904F2AC8F5C700D8FC00 /* ContentView.swift */,
				BF091E3A2AF864EE00F35139 /* TabBar.swift */,
				BF091E4E2AFAB24600F35139 /* NavigationBar.swift */,
			);
			path = Navigation;
			sourceTree = "<group>";
		};
		BF091E432AF872C700F35139 /* Main */ = {
			isa = PBXGroup;
			children = (
				BF091E442AF872DB00F35139 /* Home.swift */,
				BF091E462AFA9C2500F35139 /* Settings.swift */,
				BF091E582AFAECA500F35139 /* ExpenseTab.swift */,
			);
			path = Main;
			sourceTree = "<group>";
		};
		BFFB01C62AE8645200C63C1C /* utils */ = {
			isa = PBXGroup;
			children = (
				BFFB01C42AE863AF00C63C1C /* Extension.swift */,
				BF091E412AF871E400F35139 /* Animation.swift */,
				BF091E482AFA9D7500F35139 /* AnimatedBlobUiView.swift */,
				BF091E4A2AFA9DCA00F35139 /* HexagonUIView.swift */,
				BF091E522AFAB48A00F35139 /* AnimatableFont.swift */,
				BF091E562AFAD36A00F35139 /* Modifiers.swift */,
			);
			path = utils;
			sourceTree = "<group>";
		};
/* End PBXGroup section */

/* Begin PBXNativeTarget section */
		465E90492AC8F5C700D8FC00 /* SpendWise */ = {
			isa = PBXNativeTarget;
			buildConfigurationList = 465E90582AC8F5C800D8FC00 /* Build configuration list for PBXNativeTarget "SpendWise" */;
			buildPhases = (
				465E90462AC8F5C700D8FC00 /* Sources */,
				465E90472AC8F5C700D8FC00 /* Frameworks */,
				465E90482AC8F5C700D8FC00 /* Resources */,
			);
			buildRules = (
			);
			dependencies = (
			);
			name = SpendWise;
			packageProductDependencies = (
				BFFB01CC2AE8654600C63C1C /* SwiftUIFontIcon */,
				BFFB01D12AE874C000C63C1C /* Collections */,
				BFFB01D32AE874C000C63C1C /* DequeModule */,
				BFFB01D52AE874C000C63C1C /* OrderedCollections */,
				BFFB01D92AE877BA00C63C1C /* SwiftUICharts */,
			);
			productName = SpendWise;
			productReference = 465E904A2AC8F5C700D8FC00 /* SpendWise.app */;
			productType = "com.apple.product-type.application";
		};
/* End PBXNativeTarget section */

/* Begin PBXProject section */
		465E90422AC8F5C700D8FC00 /* Project object */ = {
			isa = PBXProject;
			attributes = {
				BuildIndependentTargetsInParallel = 1;
				LastSwiftUpdateCheck = 1500;
				LastUpgradeCheck = 1500;
				TargetAttributes = {
					465E90492AC8F5C700D8FC00 = {
						CreatedOnToolsVersion = 15.0;
					};
				};
			};
			buildConfigurationList = 465E90452AC8F5C700D8FC00 /* Build configuration list for PBXProject "SpendWise" */;
			compatibilityVersion = "Xcode 14.0";
			developmentRegion = en;
			hasScannedForEncodings = 0;
			knownRegions = (
				en,
				Base,
			);
			mainGroup = 465E90412AC8F5C700D8FC00;
			packageReferences = (
				BFFB01CB2AE8654600C63C1C /* XCRemoteSwiftPackageReference "SwiftUIFontIcon" */,
				BFFB01D02AE874C000C63C1C /* XCRemoteSwiftPackageReference "swift-collections" */,
				BFFB01DB2AE878B000C63C1C /* XCRemoteSwiftPackageReference "ChartView" */,
			);
			productRefGroup = 465E904B2AC8F5C700D8FC00 /* Products */;
			projectDirPath = "";
			projectRoot = "";
			targets = (
				465E90492AC8F5C700D8FC00 /* SpendWise */,
			);
		};
/* End PBXProject section */

/* Begin PBXResourcesBuildPhase section */
		465E90482AC8F5C700D8FC00 /* Resources */ = {
			isa = PBXResourcesBuildPhase;
			buildActionMask = 2147483647;
			files = (
				465E90552AC8F5C800D8FC00 /* Preview Assets.xcassets in Resources */,
				465E90522AC8F5C800D8FC00 /* Assets.xcassets in Resources */,
			);
			runOnlyForDeploymentPostprocessing = 0;
		};
/* End PBXResourcesBuildPhase section */

/* Begin PBXSourcesBuildPhase section */
		465E90462AC8F5C700D8FC00 /* Sources */ = {
			isa = PBXSourcesBuildPhase;
			buildActionMask = 2147483647;
			files = (
				460F2C602AE45E2B00D9778A /* CategoryStore.swift in Sources */,
				46BAD52D2ADE064400AF0169 /* AddExpense.swift in Sources */,
				4643A5F62B1681F900AEE50B /* ReportView.swift in Sources */,
				94417C1E2B1E5B1C00161022 /* ThemeManagers.swift in Sources */,
				94607D0E2B0D1A26001DE99D /* TaxCalculatorResult.swift in Sources */,
				460F2C682AE462EE00D9778A /* CategoryViewModel.swift in Sources */,
				BFFB01DD2AE87AB000C63C1C /* RecentExpenseList.swift in Sources */,
				46CA60CD2B168DBA00FE3CE3 /* ReportSummaryView.swift in Sources */,
				BF091E422AF871E400F35139 /* Animation.swift in Sources */,
				94417C212B1E671700161022 /* FullButton.swift in Sources */,
				BF091E4F2AFAB24600F35139 /* NavigationBar.swift in Sources */,
				94417C162B1CBE5200161022 /* Theme.swift in Sources */,
				94417C232B1E699000161022 /* PlainButton.swift in Sources */,
				465E90502AC8F5C700D8FC00 /* ContentView.swift in Sources */,
				467ABAC92AF83317009CDCC1 /* DeleteUserView.swift in Sources */,
				BFFB01CF2AE867AC00C63C1C /* PreviewData.swift in Sources */,
				BFFB01C52AE863AF00C63C1C /* Extension.swift in Sources */,
				BF091E492AFA9D7500F35139 /* AnimatedBlobUiView.swift in Sources */,
				465E904E2AC8F5C700D8FC00 /* SpendWiseApp.swift in Sources */,
				BF091E472AFA9C2500F35139 /* Settings.swift in Sources */,
				94417C092B1C96F900161022 /* AppSettingsView.swift in Sources */,
				46BAD52F2ADE065500AF0169 /* AddCategory.swift in Sources */,
				BF091E592AFAECA500F35139 /* ExpenseTab.swift in Sources */,
				BF091E4D2AFAA04A00F35139 /* AddressModel.swift in Sources */,
				94417C0C2B1C996C00161022 /* AddressStore.swift in Sources */,
				BFFB01CA2AE864A900C63C1C /* ExpenseRow.swift in Sources */,
				94417C102B1C9E3E00161022 /* User.swift in Sources */,
				BFFB01DF2AE8A49C00C63C1C /* MenuView.swift in Sources */,
				460F2C622AE45F6800D9778A /* ExpenseViewModel.swift in Sources */,
				BF091E3F2AF865F900F35139 /* PreferenceKey.swift in Sources */,
				BF091E512AFAB2FC00F35139 /* AppModel.swift in Sources */,
				BF091E532AFAB48A00F35139 /* AnimatableFont.swift in Sources */,
				BF091E3D2AF8655600F35139 /* TabModel.swift in Sources */,
				94607D0A2B0BF189001DE99D /* TaxCalculatorSheet.swift in Sources */,
				BF091E552AFAC27C00F35139 /* BudgettingView.swift in Sources */,
				9437B1C72AF415F6003ED68B /* EditExpense.swift in Sources */,
				9436A4032AE6FC3900067DBD /* ExpenseDetailsSheet.swift in Sources */,
				BF091E4B2AFA9DCA00F35139 /* HexagonUIView.swift in Sources */,
				460F2C5C2AE45BC400D9778A /* Expense.swift in Sources */,
				4643A5F42B157AE300AEE50B /* CreateReportView.swift in Sources */,
				9437B1C92AF56A8F003ED68B /* ListCategory.swift in Sources */,
				94607D122B0D27C0001DE99D /* TaxCalculatorViewModel.swift in Sources */,
				94417C122B1CA28000161022 /* EditUserSheet.swift in Sources */,
				94417C182B1CBE9400161022 /* EditThemeView.swift in Sources */,
				BF091E572AFAD36A00F35139 /* Modifiers.swift in Sources */,
				94417C0E2B1C9DCC00161022 /* UserViewModel.swift in Sources */,
				9437B1CB2AF583C6003ED68B /* EditCategorySheet.swift in Sources */,
				460F2C5E2AE45BD000D9778A /* Category.swift in Sources */,
				460F2C642AE4600700D9778A /* ExpenseStore.swift in Sources */,
				BF091E452AF872DB00F35139 /* Home.swift in Sources */,
				BF091E3B2AF864EE00F35139 /* TabBar.swift in Sources */,
				94607D162B0D484D001DE99D /* Province.swift in Sources */,
			);
			runOnlyForDeploymentPostprocessing = 0;
		};
/* End PBXSourcesBuildPhase section */

/* Begin XCBuildConfiguration section */
		465E90562AC8F5C800D8FC00 /* Debug */ = {
			isa = XCBuildConfiguration;
			buildSettings = {
				ALWAYS_SEARCH_USER_PATHS = NO;
				ASSETCATALOG_COMPILER_GENERATE_SWIFT_ASSET_SYMBOL_EXTENSIONS = YES;
				CLANG_ANALYZER_NONNULL = YES;
				CLANG_ANALYZER_NUMBER_OBJECT_CONVERSION = YES_AGGRESSIVE;
				CLANG_CXX_LANGUAGE_STANDARD = "gnu++20";
				CLANG_ENABLE_MODULES = YES;
				CLANG_ENABLE_OBJC_ARC = YES;
				CLANG_ENABLE_OBJC_WEAK = YES;
				CLANG_WARN_BLOCK_CAPTURE_AUTORELEASING = YES;
				CLANG_WARN_BOOL_CONVERSION = YES;
				CLANG_WARN_COMMA = YES;
				CLANG_WARN_CONSTANT_CONVERSION = YES;
				CLANG_WARN_DEPRECATED_OBJC_IMPLEMENTATIONS = YES;
				CLANG_WARN_DIRECT_OBJC_ISA_USAGE = YES_ERROR;
				CLANG_WARN_DOCUMENTATION_COMMENTS = YES;
				CLANG_WARN_EMPTY_BODY = YES;
				CLANG_WARN_ENUM_CONVERSION = YES;
				CLANG_WARN_INFINITE_RECURSION = YES;
				CLANG_WARN_INT_CONVERSION = YES;
				CLANG_WARN_NON_LITERAL_NULL_CONVERSION = YES;
				CLANG_WARN_OBJC_IMPLICIT_RETAIN_SELF = YES;
				CLANG_WARN_OBJC_LITERAL_CONVERSION = YES;
				CLANG_WARN_OBJC_ROOT_CLASS = YES_ERROR;
				CLANG_WARN_QUOTED_INCLUDE_IN_FRAMEWORK_HEADER = YES;
				CLANG_WARN_RANGE_LOOP_ANALYSIS = YES;
				CLANG_WARN_STRICT_PROTOTYPES = YES;
				CLANG_WARN_SUSPICIOUS_MOVE = YES;
				CLANG_WARN_UNGUARDED_AVAILABILITY = YES_AGGRESSIVE;
				CLANG_WARN_UNREACHABLE_CODE = YES;
				CLANG_WARN__DUPLICATE_METHOD_MATCH = YES;
				COPY_PHASE_STRIP = NO;
				DEBUG_INFORMATION_FORMAT = dwarf;
				ENABLE_STRICT_OBJC_MSGSEND = YES;
				ENABLE_TESTABILITY = YES;
				ENABLE_USER_SCRIPT_SANDBOXING = YES;
				GCC_C_LANGUAGE_STANDARD = gnu17;
				GCC_DYNAMIC_NO_PIC = NO;
				GCC_NO_COMMON_BLOCKS = YES;
				GCC_OPTIMIZATION_LEVEL = 0;
				GCC_PREPROCESSOR_DEFINITIONS = (
					"DEBUG=1",
					"$(inherited)",
				);
				GCC_WARN_64_TO_32_BIT_CONVERSION = YES;
				GCC_WARN_ABOUT_RETURN_TYPE = YES_ERROR;
				GCC_WARN_UNDECLARED_SELECTOR = YES;
				GCC_WARN_UNINITIALIZED_AUTOS = YES_AGGRESSIVE;
				GCC_WARN_UNUSED_FUNCTION = YES;
				GCC_WARN_UNUSED_VARIABLE = YES;
				IPHONEOS_DEPLOYMENT_TARGET = 17.0;
				LOCALIZATION_PREFERS_STRING_CATALOGS = YES;
				MTL_ENABLE_DEBUG_INFO = INCLUDE_SOURCE;
				MTL_FAST_MATH = YES;
				ONLY_ACTIVE_ARCH = YES;
				SDKROOT = iphoneos;
				SWIFT_ACTIVE_COMPILATION_CONDITIONS = "DEBUG $(inherited)";
				SWIFT_OPTIMIZATION_LEVEL = "-Onone";
			};
			name = Debug;
		};
		465E90572AC8F5C800D8FC00 /* Release */ = {
			isa = XCBuildConfiguration;
			buildSettings = {
				ALWAYS_SEARCH_USER_PATHS = NO;
				ASSETCATALOG_COMPILER_GENERATE_SWIFT_ASSET_SYMBOL_EXTENSIONS = YES;
				CLANG_ANALYZER_NONNULL = YES;
				CLANG_ANALYZER_NUMBER_OBJECT_CONVERSION = YES_AGGRESSIVE;
				CLANG_CXX_LANGUAGE_STANDARD = "gnu++20";
				CLANG_ENABLE_MODULES = YES;
				CLANG_ENABLE_OBJC_ARC = YES;
				CLANG_ENABLE_OBJC_WEAK = YES;
				CLANG_WARN_BLOCK_CAPTURE_AUTORELEASING = YES;
				CLANG_WARN_BOOL_CONVERSION = YES;
				CLANG_WARN_COMMA = YES;
				CLANG_WARN_CONSTANT_CONVERSION = YES;
				CLANG_WARN_DEPRECATED_OBJC_IMPLEMENTATIONS = YES;
				CLANG_WARN_DIRECT_OBJC_ISA_USAGE = YES_ERROR;
				CLANG_WARN_DOCUMENTATION_COMMENTS = YES;
				CLANG_WARN_EMPTY_BODY = YES;
				CLANG_WARN_ENUM_CONVERSION = YES;
				CLANG_WARN_INFINITE_RECURSION = YES;
				CLANG_WARN_INT_CONVERSION = YES;
				CLANG_WARN_NON_LITERAL_NULL_CONVERSION = YES;
				CLANG_WARN_OBJC_IMPLICIT_RETAIN_SELF = YES;
				CLANG_WARN_OBJC_LITERAL_CONVERSION = YES;
				CLANG_WARN_OBJC_ROOT_CLASS = YES_ERROR;
				CLANG_WARN_QUOTED_INCLUDE_IN_FRAMEWORK_HEADER = YES;
				CLANG_WARN_RANGE_LOOP_ANALYSIS = YES;
				CLANG_WARN_STRICT_PROTOTYPES = YES;
				CLANG_WARN_SUSPICIOUS_MOVE = YES;
				CLANG_WARN_UNGUARDED_AVAILABILITY = YES_AGGRESSIVE;
				CLANG_WARN_UNREACHABLE_CODE = YES;
				CLANG_WARN__DUPLICATE_METHOD_MATCH = YES;
				COPY_PHASE_STRIP = NO;
				DEBUG_INFORMATION_FORMAT = "dwarf-with-dsym";
				ENABLE_NS_ASSERTIONS = NO;
				ENABLE_STRICT_OBJC_MSGSEND = YES;
				ENABLE_USER_SCRIPT_SANDBOXING = YES;
				GCC_C_LANGUAGE_STANDARD = gnu17;
				GCC_NO_COMMON_BLOCKS = YES;
				GCC_WARN_64_TO_32_BIT_CONVERSION = YES;
				GCC_WARN_ABOUT_RETURN_TYPE = YES_ERROR;
				GCC_WARN_UNDECLARED_SELECTOR = YES;
				GCC_WARN_UNINITIALIZED_AUTOS = YES_AGGRESSIVE;
				GCC_WARN_UNUSED_FUNCTION = YES;
				GCC_WARN_UNUSED_VARIABLE = YES;
				IPHONEOS_DEPLOYMENT_TARGET = 17.0;
				LOCALIZATION_PREFERS_STRING_CATALOGS = YES;
				MTL_ENABLE_DEBUG_INFO = NO;
				MTL_FAST_MATH = YES;
				SDKROOT = iphoneos;
				SWIFT_COMPILATION_MODE = wholemodule;
				VALIDATE_PRODUCT = YES;
			};
			name = Release;
		};
		465E90592AC8F5C800D8FC00 /* Debug */ = {
			isa = XCBuildConfiguration;
			buildSettings = {
				ASSETCATALOG_COMPILER_APPICON_NAME = AppIcon;
				ASSETCATALOG_COMPILER_GLOBAL_ACCENT_COLOR_NAME = AccentColor;
				CODE_SIGN_IDENTITY = "Apple Development";
				CODE_SIGN_STYLE = Automatic;
				CURRENT_PROJECT_VERSION = 1;
				DEVELOPMENT_ASSET_PATHS = "\"SpendWise/Preview Content\"";
				DEVELOPMENT_TEAM = "";
				ENABLE_PREVIEWS = YES;
				GENERATE_INFOPLIST_FILE = YES;
				INFOPLIST_KEY_UIApplicationSceneManifest_Generation = YES;
				INFOPLIST_KEY_UIApplicationSupportsIndirectInputEvents = YES;
				INFOPLIST_KEY_UILaunchScreen_Generation = YES;
				INFOPLIST_KEY_UISupportedInterfaceOrientations_iPad = "UIInterfaceOrientationPortrait UIInterfaceOrientationPortraitUpsideDown UIInterfaceOrientationLandscapeLeft UIInterfaceOrientationLandscapeRight";
				INFOPLIST_KEY_UISupportedInterfaceOrientations_iPhone = "UIInterfaceOrientationPortrait UIInterfaceOrientationLandscapeLeft UIInterfaceOrientationLandscapeRight";
				LD_RUNPATH_SEARCH_PATHS = (
					"$(inherited)",
					"@executable_path/Frameworks",
				);
				MARKETING_VERSION = 1.0;
				PRODUCT_BUNDLE_IDENTIFIER = com.example.Group20.SpendWise;
				PRODUCT_NAME = "$(TARGET_NAME)";
				PROVISIONING_PROFILE_SPECIFIER = "";
				SWIFT_EMIT_LOC_STRINGS = YES;
				SWIFT_VERSION = 5.0;
				TARGETED_DEVICE_FAMILY = "1,2";
			};
			name = Debug;
		};
		465E905A2AC8F5C800D8FC00 /* Release */ = {
			isa = XCBuildConfiguration;
			buildSettings = {
				ASSETCATALOG_COMPILER_APPICON_NAME = AppIcon;
				ASSETCATALOG_COMPILER_GLOBAL_ACCENT_COLOR_NAME = AccentColor;
				CODE_SIGN_IDENTITY = "Apple Development";
				CODE_SIGN_STYLE = Automatic;
				CURRENT_PROJECT_VERSION = 1;
				DEVELOPMENT_ASSET_PATHS = "\"SpendWise/Preview Content\"";
				DEVELOPMENT_TEAM = "";
				ENABLE_PREVIEWS = YES;
				GENERATE_INFOPLIST_FILE = YES;
				INFOPLIST_KEY_UIApplicationSceneManifest_Generation = YES;
				INFOPLIST_KEY_UIApplicationSupportsIndirectInputEvents = YES;
				INFOPLIST_KEY_UILaunchScreen_Generation = YES;
				INFOPLIST_KEY_UISupportedInterfaceOrientations_iPad = "UIInterfaceOrientationPortrait UIInterfaceOrientationPortraitUpsideDown UIInterfaceOrientationLandscapeLeft UIInterfaceOrientationLandscapeRight";
				INFOPLIST_KEY_UISupportedInterfaceOrientations_iPhone = "UIInterfaceOrientationPortrait UIInterfaceOrientationLandscapeLeft UIInterfaceOrientationLandscapeRight";
				LD_RUNPATH_SEARCH_PATHS = (
					"$(inherited)",
					"@executable_path/Frameworks",
				);
				MARKETING_VERSION = 1.0;
				PRODUCT_BUNDLE_IDENTIFIER = com.example.Group20.SpendWise;
				PRODUCT_NAME = "$(TARGET_NAME)";
				PROVISIONING_PROFILE_SPECIFIER = "";
				SWIFT_EMIT_LOC_STRINGS = YES;
				SWIFT_VERSION = 5.0;
				TARGETED_DEVICE_FAMILY = "1,2";
			};
			name = Release;
		};
/* End XCBuildConfiguration section */

/* Begin XCConfigurationList section */
		465E90452AC8F5C700D8FC00 /* Build configuration list for PBXProject "SpendWise" */ = {
			isa = XCConfigurationList;
			buildConfigurations = (
				465E90562AC8F5C800D8FC00 /* Debug */,
				465E90572AC8F5C800D8FC00 /* Release */,
			);
			defaultConfigurationIsVisible = 0;
			defaultConfigurationName = Release;
		};
		465E90582AC8F5C800D8FC00 /* Build configuration list for PBXNativeTarget "SpendWise" */ = {
			isa = XCConfigurationList;
			buildConfigurations = (
				465E90592AC8F5C800D8FC00 /* Debug */,
				465E905A2AC8F5C800D8FC00 /* Release */,
			);
			defaultConfigurationIsVisible = 0;
			defaultConfigurationName = Release;
		};
/* End XCConfigurationList section */

/* Begin XCRemoteSwiftPackageReference section */
		BFFB01CB2AE8654600C63C1C /* XCRemoteSwiftPackageReference "SwiftUIFontIcon" */ = {
			isa = XCRemoteSwiftPackageReference;
			repositoryURL = "https://github.com/huybuidac/SwiftUIFontIcon";
			requirement = {
				kind = upToNextMajorVersion;
				minimumVersion = 2.1.0;
			};
		};
		BFFB01D02AE874C000C63C1C /* XCRemoteSwiftPackageReference "swift-collections" */ = {
			isa = XCRemoteSwiftPackageReference;
			repositoryURL = "https://github.com/apple/swift-collections.git";
			requirement = {
				kind = upToNextMajorVersion;
				minimumVersion = 1.0.5;
			};
		};
		BFFB01DB2AE878B000C63C1C /* XCRemoteSwiftPackageReference "ChartView" */ = {
			isa = XCRemoteSwiftPackageReference;
			repositoryURL = "https://github.com/AppPear/ChartView";
			requirement = {
				kind = exactVersion;
				version = "2.0.0-beta.2";
			};
		};
/* End XCRemoteSwiftPackageReference section */

/* Begin XCSwiftPackageProductDependency section */
		BFFB01CC2AE8654600C63C1C /* SwiftUIFontIcon */ = {
			isa = XCSwiftPackageProductDependency;
			package = BFFB01CB2AE8654600C63C1C /* XCRemoteSwiftPackageReference "SwiftUIFontIcon" */;
			productName = SwiftUIFontIcon;
		};
		BFFB01D12AE874C000C63C1C /* Collections */ = {
			isa = XCSwiftPackageProductDependency;
			package = BFFB01D02AE874C000C63C1C /* XCRemoteSwiftPackageReference "swift-collections" */;
			productName = Collections;
		};
		BFFB01D32AE874C000C63C1C /* DequeModule */ = {
			isa = XCSwiftPackageProductDependency;
			package = BFFB01D02AE874C000C63C1C /* XCRemoteSwiftPackageReference "swift-collections" */;
			productName = DequeModule;
		};
		BFFB01D52AE874C000C63C1C /* OrderedCollections */ = {
			isa = XCSwiftPackageProductDependency;
			package = BFFB01D02AE874C000C63C1C /* XCRemoteSwiftPackageReference "swift-collections" */;
			productName = OrderedCollections;
		};
		BFFB01D92AE877BA00C63C1C /* SwiftUICharts */ = {
			isa = XCSwiftPackageProductDependency;
			productName = SwiftUICharts;
		};
/* End XCSwiftPackageProductDependency section */
	};
	rootObject = 465E90422AC8F5C700D8FC00 /* Project object */;
}
